// !$*UTF8*$!
{
	archiveVersion = 1;
	classes = {
	};
	objectVersion = 46;
	objects = {

/* Begin PBXBuildFile section */
		910CD6721AFE919200E945B1 /* main.m in Sources */ = {isa = PBXBuildFile; fileRef = 910CD6711AFE919200E945B1 /* main.m */; };
		910CD6751AFE919200E945B1 /* AppDelegate.m in Sources */ = {isa = PBXBuildFile; fileRef = 910CD6741AFE919200E945B1 /* AppDelegate.m */; };
		910CD6781AFE919200E945B1 /* ViewController.m in Sources */ = {isa = PBXBuildFile; fileRef = 910CD6771AFE919200E945B1 /* ViewController.m */; };
		910CD67D1AFE919200E945B1 /* Images.xcassets in Resources */ = {isa = PBXBuildFile; fileRef = 910CD67C1AFE919200E945B1 /* Images.xcassets */; };
		910CD6801AFE919200E945B1 /* LaunchScreen.xib in Resources */ = {isa = PBXBuildFile; fileRef = 910CD67E1AFE919200E945B1 /* LaunchScreen.xib */; };
		910CD68C1AFE919300E945B1 /* PetTrackerTests.m in Sources */ = {isa = PBXBuildFile; fileRef = 910CD68B1AFE919300E945B1 /* PetTrackerTests.m */; };
		910CD6A31AFE97D400E945B1 /* Pet.m in Sources */ = {isa = PBXBuildFile; fileRef = 910CD6A21AFE97D400E945B1 /* Pet.m */; };
		916676A91AFFA772004545FB /* Main.storyboard in Resources */ = {isa = PBXBuildFile; fileRef = 916676A71AFFA772004545FB /* Main.storyboard */; };
		916676AD1AFFBA4F004545FB /* Tumblr_muqhhzROrJ1shlu6yo1_500.png in Resources */ = {isa = PBXBuildFile; fileRef = 916676AC1AFFBA4F004545FB /* Tumblr_muqhhzROrJ1shlu6yo1_500.png */; };
		916676AF1AFFBB5B004545FB /* Doge.png in Resources */ = {isa = PBXBuildFile; fileRef = 916676AE1AFFBB5B004545FB /* Doge.png */; };
		916676B11AFFBC1D004545FB /* 625x465_2870939_7548194_1430772522.jpg in Resources */ = {isa = PBXBuildFile; fileRef = 916676B01AFFBC1D004545FB /* 625x465_2870939_7548194_1430772522.jpg */; };
		916676B91AFFCCA5004545FB /* TableView.m in Sources */ = {isa = PBXBuildFile; fileRef = 916676B81AFFCCA5004545FB /* TableView.m */; };
		916676BB1B001722004545FB /* dogecate.tiff in Resources */ = {isa = PBXBuildFile; fileRef = 916676BA1B001722004545FB /* dogecate.tiff */; };
		918FE11E1B00EBC8002BB138 /* minimalistic-gradient_00294789.png in Resources */ = {isa = PBXBuildFile; fileRef = 918FE11D1B00EBC8002BB138 /* minimalistic-gradient_00294789.png */; };
/* End PBXBuildFile section */

/* Begin PBXContainerItemProxy section */
		910CD6861AFE919300E945B1 /* PBXContainerItemProxy */ = {
			isa = PBXContainerItemProxy;
			containerPortal = 910CD6641AFE919200E945B1 /* Project object */;
			proxyType = 1;
			remoteGlobalIDString = 910CD66B1AFE919200E945B1;
			remoteInfo = PetTracker;
		};
/* End PBXContainerItemProxy section */

/* Begin PBXFileReference section */
		910CD66C1AFE919200E945B1 /* PetTracker.app */ = {isa = PBXFileReference; explicitFileType = wrapper.application; includeInIndex = 0; path = PetTracker.app; sourceTree = BUILT_PRODUCTS_DIR; };
		910CD6701AFE919200E945B1 /* Info.plist */ = {isa = PBXFileReference; lastKnownFileType = text.plist.xml; path = Info.plist; sourceTree = "<group>"; };
		910CD6711AFE919200E945B1 /* main.m */ = {isa = PBXFileReference; lastKnownFileType = sourcecode.c.objc; path = main.m; sourceTree = "<group>"; };
		910CD6731AFE919200E945B1 /* AppDelegate.h */ = {isa = PBXFileReference; lastKnownFileType = sourcecode.c.h; path = AppDelegate.h; sourceTree = "<group>"; };
		910CD6741AFE919200E945B1 /* AppDelegate.m */ = {isa = PBXFileReference; lastKnownFileType = sourcecode.c.objc; path = AppDelegate.m; sourceTree = "<group>"; };
		910CD6761AFE919200E945B1 /* ViewController.h */ = {isa = PBXFileReference; lastKnownFileType = sourcecode.c.h; path = ViewController.h; sourceTree = "<group>"; };
		910CD6771AFE919200E945B1 /* ViewController.m */ = {isa = PBXFileReference; lastKnownFileType = sourcecode.c.objc; path = ViewController.m; sourceTree = "<group>"; };
		910CD67C1AFE919200E945B1 /* Images.xcassets */ = {isa = PBXFileReference; lastKnownFileType = folder.assetcatalog; path = Images.xcassets; sourceTree = "<group>"; };
		910CD67F1AFE919200E945B1 /* Base */ = {isa = PBXFileReference; lastKnownFileType = file.xib; name = Base; path = Base.lproj/LaunchScreen.xib; sourceTree = "<group>"; };
		910CD6851AFE919300E945B1 /* PetTrackerTests.xctest */ = {isa = PBXFileReference; explicitFileType = wrapper.cfbundle; includeInIndex = 0; path = PetTrackerTests.xctest; sourceTree = BUILT_PRODUCTS_DIR; };
		910CD68A1AFE919300E945B1 /* Info.plist */ = {isa = PBXFileReference; lastKnownFileType = text.plist.xml; path = Info.plist; sourceTree = "<group>"; };
		910CD68B1AFE919300E945B1 /* PetTrackerTests.m */ = {isa = PBXFileReference; lastKnownFileType = sourcecode.c.objc; path = PetTrackerTests.m; sourceTree = "<group>"; };
		910CD6A11AFE97D400E945B1 /* Pet.h */ = {isa = PBXFileReference; fileEncoding = 4; lastKnownFileType = sourcecode.c.h; name = Pet.h; path = ../Pet.h; sourceTree = "<group>"; };
		910CD6A21AFE97D400E945B1 /* Pet.m */ = {isa = PBXFileReference; fileEncoding = 4; lastKnownFileType = sourcecode.c.objc; name = Pet.m; path = ../Pet.m; sourceTree = "<group>"; };
		916676A81AFFA772004545FB /* Base */ = {isa = PBXFileReference; lastKnownFileType = file.storyboard; name = Base; path = Base.lproj/Main.storyboard; sourceTree = "<group>"; };
		916676AC1AFFBA4F004545FB /* Tumblr_muqhhzROrJ1shlu6yo1_500.png */ = {isa = PBXFileReference; lastKnownFileType = image.png; path = Tumblr_muqhhzROrJ1shlu6yo1_500.png; sourceTree = "<group>"; };
		916676AE1AFFBB5B004545FB /* Doge.png */ = {isa = PBXFileReference; lastKnownFileType = image.png; path = Doge.png; sourceTree = "<group>"; };
		916676B01AFFBC1D004545FB /* 625x465_2870939_7548194_1430772522.jpg */ = {isa = PBXFileReference; lastKnownFileType = image.jpeg; path = 625x465_2870939_7548194_1430772522.jpg; sourceTree = "<group>"; };
		916676B71AFFCCA5004545FB /* TableView.h */ = {isa = PBXFileReference; fileEncoding = 4; lastKnownFileType = sourcecode.c.h; name = TableView.h; path = ../TableView.h; sourceTree = "<group>"; };
		916676B81AFFCCA5004545FB /* TableView.m */ = {isa = PBXFileReference; fileEncoding = 4; lastKnownFileType = sourcecode.c.objc; name = TableView.m; path = ../TableView.m; sourceTree = "<group>"; };
		916676BA1B001722004545FB /* dogecate.tiff */ = {isa = PBXFileReference; lastKnownFileType = image.tiff; path = dogecate.tiff; sourceTree = "<group>"; };
		918FE11D1B00EBC8002BB138 /* minimalistic-gradient_00294789.png */ = {isa = PBXFileReference; lastKnownFileType = image.png; path = "minimalistic-gradient_00294789.png"; sourceTree = "<group>"; };
/* End PBXFileReference section */

/* Begin PBXFrameworksBuildPhase section */
		910CD6691AFE919200E945B1 /* Frameworks */ = {
			isa = PBXFrameworksBuildPhase;
			buildActionMask = 2147483647;
			files = (
			);
			runOnlyForDeploymentPostprocessing = 0;
		};
		910CD6821AFE919300E945B1 /* Frameworks */ = {
			isa = PBXFrameworksBuildPhase;
			buildActionMask = 2147483647;
			files = (
			);
			runOnlyForDeploymentPostprocessing = 0;
		};
/* End PBXFrameworksBuildPhase section */

/* Begin PBXGroup section */
		910CD6631AFE919200E945B1 = {
			isa = PBXGroup;
			children = (
				910CD66E1AFE919200E945B1 /* PetTracker */,
				910CD6881AFE919300E945B1 /* PetTrackerTests */,
				910CD66D1AFE919200E945B1 /* Products */,
			);
			sourceTree = "<group>";
		};
		910CD66D1AFE919200E945B1 /* Products */ = {
			isa = PBXGroup;
			children = (
				910CD66C1AFE919200E945B1 /* PetTracker.app */,
				910CD6851AFE919300E945B1 /* PetTrackerTests.xctest */,
			);
			name = Products;
			sourceTree = "<group>";
		};
		910CD66E1AFE919200E945B1 /* PetTracker */ = {
			isa = PBXGroup;
			children = (
				916676B71AFFCCA5004545FB /* TableView.h */,
				916676B81AFFCCA5004545FB /* TableView.m */,
				910CD6A11AFE97D400E945B1 /* Pet.h */,
				910CD6A21AFE97D400E945B1 /* Pet.m */,
				910CD6731AFE919200E945B1 /* AppDelegate.h */,
				910CD6741AFE919200E945B1 /* AppDelegate.m */,
				910CD6761AFE919200E945B1 /* ViewController.h */,
				910CD6771AFE919200E945B1 /* ViewController.m */,
				916676A71AFFA772004545FB /* Main.storyboard */,
				910CD67C1AFE919200E945B1 /* Images.xcassets */,
				918FE11D1B00EBC8002BB138 /* minimalistic-gradient_00294789.png */,
				916676BA1B001722004545FB /* dogecate.tiff */,
				916676B01AFFBC1D004545FB /* 625x465_2870939_7548194_1430772522.jpg */,
				916676AE1AFFBB5B004545FB /* Doge.png */,
				916676AC1AFFBA4F004545FB /* Tumblr_muqhhzROrJ1shlu6yo1_500.png */,
				910CD67E1AFE919200E945B1 /* LaunchScreen.xib */,
				910CD66F1AFE919200E945B1 /* Supporting Files */,
			);
			path = PetTracker;
			sourceTree = "<group>";
		};
		910CD66F1AFE919200E945B1 /* Supporting Files */ = {
			isa = PBXGroup;
			children = (
				910CD6701AFE919200E945B1 /* Info.plist */,
				910CD6711AFE919200E945B1 /* main.m */,
			);
			name = "Supporting Files";
			sourceTree = "<group>";
		};
		910CD6881AFE919300E945B1 /* PetTrackerTests */ = {
			isa = PBXGroup;
			children = (
				910CD68B1AFE919300E945B1 /* PetTrackerTests.m */,
				910CD6891AFE919300E945B1 /* Supporting Files */,
			);
			path = PetTrackerTests;
			sourceTree = "<group>";
		};
		910CD6891AFE919300E945B1 /* Supporting Files */ = {
			isa = PBXGroup;
			children = (
				910CD68A1AFE919300E945B1 /* Info.plist */,
			);
			name = "Supporting Files";
			sourceTree = "<group>";
		};
/* End PBXGroup section */

/* Begin PBXNativeTarget section */
		910CD66B1AFE919200E945B1 /* PetTracker */ = {
			isa = PBXNativeTarget;
			buildConfigurationList = 910CD68F1AFE919300E945B1 /* Build configuration list for PBXNativeTarget "PetTracker" */;
			buildPhases = (
				910CD6681AFE919200E945B1 /* Sources */,
				910CD6691AFE919200E945B1 /* Frameworks */,
				910CD66A1AFE919200E945B1 /* Resources */,
			);
			buildRules = (
			);
			dependencies = (
			);
			name = PetTracker;
			productName = PetTracker;
			productReference = 910CD66C1AFE919200E945B1 /* PetTracker.app */;
			productType = "com.apple.product-type.application";
		};
		910CD6841AFE919300E945B1 /* PetTrackerTests */ = {
			isa = PBXNativeTarget;
			buildConfigurationList = 910CD6921AFE919300E945B1 /* Build configuration list for PBXNativeTarget "PetTrackerTests" */;
			buildPhases = (
				910CD6811AFE919300E945B1 /* Sources */,
				910CD6821AFE919300E945B1 /* Frameworks */,
				910CD6831AFE919300E945B1 /* Resources */,
			);
			buildRules = (
			);
			dependencies = (
				910CD6871AFE919300E945B1 /* PBXTargetDependency */,
			);
			name = PetTrackerTests;
			productName = PetTrackerTests;
			productReference = 910CD6851AFE919300E945B1 /* PetTrackerTests.xctest */;
			productType = "com.apple.product-type.bundle.unit-test";
		};
/* End PBXNativeTarget section */

/* Begin PBXProject section */
		910CD6641AFE919200E945B1 /* Project object */ = {
			isa = PBXProject;
			attributes = {
				LastUpgradeCheck = 0600;
				ORGANIZATIONNAME = "Stephen Payne";
				TargetAttributes = {
					910CD66B1AFE919200E945B1 = {
						CreatedOnToolsVersion = 6.0.1;
					};
					910CD6841AFE919300E945B1 = {
						CreatedOnToolsVersion = 6.0.1;
						TestTargetID = 910CD66B1AFE919200E945B1;
					};
				};
			};
			buildConfigurationList = 910CD6671AFE919200E945B1 /* Build configuration list for PBXProject "PetTracker" */;
			compatibilityVersion = "Xcode 3.2";
			developmentRegion = English;
			hasScannedForEncodings = 0;
			knownRegions = (
				en,
				Base,
			);
			mainGroup = 910CD6631AFE919200E945B1;
			productRefGroup = 910CD66D1AFE919200E945B1 /* Products */;
			projectDirPath = "";
			projectRoot = "";
			targets = (
				910CD66B1AFE919200E945B1 /* PetTracker */,
				910CD6841AFE919300E945B1 /* PetTrackerTests */,
			);
		};
/* End PBXProject section */

/* Begin PBXResourcesBuildPhase section */
		910CD66A1AFE919200E945B1 /* Resources */ = {
			isa = PBXResourcesBuildPhase;
			buildActionMask = 2147483647;
			files = (
				918FE11E1B00EBC8002BB138 /* minimalistic-gradient_00294789.png in Resources */,
				916676B11AFFBC1D004545FB /* 625x465_2870939_7548194_1430772522.jpg in Resources */,
				916676AF1AFFBB5B004545FB /* Doge.png in Resources */,
				916676BB1B001722004545FB /* dogecate.tiff in Resources */,
				916676A91AFFA772004545FB /* Main.storyboard in Resources */,
				916676AD1AFFBA4F004545FB /* Tumblr_muqhhzROrJ1shlu6yo1_500.png in Resources */,
				910CD6801AFE919200E945B1 /* LaunchScreen.xib in Resources */,
				910CD67D1AFE919200E945B1 /* Images.xcassets in Resources */,
			);
			runOnlyForDeploymentPostprocessing = 0;
		};
		910CD6831AFE919300E945B1 /* Resources */ = {
			isa = PBXResourcesBuildPhase;
			buildActionMask = 2147483647;
			files = (
			);
			runOnlyForDeploymentPostprocessing = 0;
		};
/* End PBXResourcesBuildPhase section */

/* Begin PBXSourcesBuildPhase section */
		910CD6681AFE919200E945B1 /* Sources */ = {
			isa = PBXSourcesBuildPhase;
			buildActionMask = 2147483647;
			files = (
				910CD6781AFE919200E945B1 /* ViewController.m in Sources */,
				910CD6A31AFE97D400E945B1 /* Pet.m in Sources */,
				910CD6751AFE919200E945B1 /* AppDelegate.m in Sources */,
				916676B91AFFCCA5004545FB /* TableView.m in Sources */,
				910CD6721AFE919200E945B1 /* main.m in Sources */,
			);
			runOnlyForDeploymentPostprocessing = 0;
		};
		910CD6811AFE919300E945B1 /* Sources */ = {
			isa = PBXSourcesBuildPhase;
			buildActionMask = 2147483647;
			files = (
				910CD68C1AFE919300E945B1 /* PetTrackerTests.m in Sources */,
			);
			runOnlyForDeploymentPostprocessing = 0;
		};
/* End PBXSourcesBuildPhase section */

/* Begin PBXTargetDependency section */
		910CD6871AFE919300E945B1 /* PBXTargetDependency */ = {
			isa = PBXTargetDependency;
			target = 910CD66B1AFE919200E945B1 /* PetTracker */;
			targetProxy = 910CD6861AFE919300E945B1 /* PBXContainerItemProxy */;
		};
/* End PBXTargetDependency section */

/* Begin PBXVariantGroup section */
		910CD67E1AFE919200E945B1 /* LaunchScreen.xib */ = {
			isa = PBXVariantGroup;
			children = (
				910CD67F1AFE919200E945B1 /* Base */,
			);
			name = LaunchScreen.xib;
			sourceTree = "<group>";
		};
		916676A71AFFA772004545FB /* Main.storyboard */ = {
			isa = PBXVariantGroup;
			children = (
				916676A81AFFA772004545FB /* Base */,
			);
			name = Main.storyboard;
			sourceTree = "<group>";
		};
/* End PBXVariantGroup section */

/* Begin XCBuildConfiguration section */
		910CD68D1AFE919300E945B1 /* Debug */ = {
			isa = XCBuildConfiguration;
			buildSettings = {
				ALWAYS_SEARCH_USER_PATHS = NO;
				CLANG_CXX_LANGUAGE_STANDARD = "gnu++0x";
				CLANG_CXX_LIBRARY = "libc++";
				CLANG_ENABLE_MODULES = YES;
				CLANG_ENABLE_OBJC_ARC = YES;
				CLANG_WARN_BOOL_CONVERSION = YES;
				CLANG_WARN_CONSTANT_CONVERSION = YES;
				CLANG_WARN_DIRECT_OBJC_ISA_USAGE = YES_ERROR;
				CLANG_WARN_EMPTY_BODY = YES;
				CLANG_WARN_ENUM_CONVERSION = YES;
				CLANG_WARN_INT_CONVERSION = YES;
				CLANG_WARN_OBJC_ROOT_CLASS = YES_ERROR;
				CLANG_WARN_UNREACHABLE_CODE = YES;
				CLANG_WARN__DUPLICATE_METHOD_MATCH = YES;
				"CODE_SIGN_IDENTITY[sdk=iphoneos*]" = "iPhone Developer";
				COPY_PHASE_STRIP = NO;
				ENABLE_STRICT_OBJC_MSGSEND = YES;
				GCC_C_LANGUAGE_STANDARD = gnu99;
				GCC_DYNAMIC_NO_PIC = NO;
				GCC_OPTIMIZATION_LEVEL = 0;
				GCC_PREPROCESSOR_DEFINITIONS = (
					"DEBUG=1",
					"$(inherited)",
				);
				GCC_SYMBOLS_PRIVATE_EXTERN = NO;
				GCC_WARN_64_TO_32_BIT_CONVERSION = YES;
				GCC_WARN_ABOUT_RETURN_TYPE = YES_ERROR;
				GCC_WARN_UNDECLARED_SELECTOR = YES;
				GCC_WARN_UNINITIALIZED_AUTOS = YES_AGGRESSIVE;
				GCC_WARN_UNUSED_FUNCTION = YES;
				GCC_WARN_UNUSED_VARIABLE = YES;
				IPHONEOS_DEPLOYMENT_TARGET = 8.0;
				MTL_ENABLE_DEBUG_INFO = YES;
				ONLY_ACTIVE_ARCH = YES;
				SDKROOT = iphoneos;
			};
			name = Debug;
		};
		910CD68E1AFE919300E945B1 /* Release */ = {
			isa = XCBuildConfiguration;
			buildSettings = {
				ALWAYS_SEARCH_USER_PATHS = NO;
				CLANG_CXX_LANGUAGE_STANDARD = "gnu++0x";
				CLANG_CXX_LIBRARY = "libc++";
				CLANG_ENABLE_MODULES = YES;
				CLANG_ENABLE_OBJC_ARC = YES;
				CLANG_WARN_BOOL_CONVERSION = YES;
				CLANG_WARN_CONSTANT_CONVERSION = YES;
				CLANG_WARN_DIRECT_OBJC_ISA_USAGE = YES_ERROR;
				CLANG_WARN_EMPTY_BODY = YES;
				CLANG_WARN_ENUM_CONVERSION = YES;
				CLANG_WARN_INT_CONVERSION = YES;
				CLANG_WARN_OBJC_ROOT_CLASS = YES_ERROR;
				CLANG_WARN_UNREACHABLE_CODE = YES;
				CLANG_WARN__DUPLICATE_METHOD_MATCH = YES;
				"CODE_SIGN_IDENTITY[sdk=iphoneos*]" = "iPhone Developer";
				COPY_PHASE_STRIP = YES;
				ENABLE_NS_ASSERTIONS = NO;
				ENABLE_STRICT_OBJC_MSGSEND = YES;
				GCC_C_LANGUAGE_STANDARD = gnu99;
				GCC_WARN_64_TO_32_BIT_CONVERSION = YES;
				GCC_WARN_ABOUT_RETURN_TYPE = YES_ERROR;
				GCC_WARN_UNDECLARED_SELECTOR = YES;
				GCC_WARN_UNINITIALIZED_AUTOS = YES_AGGRESSIVE;
				GCC_WARN_UNUSED_FUNCTION = YES;
				GCC_WARN_UNUSED_VARIABLE = YES;
				IPHONEOS_DEPLOYMENT_TARGET = 8.0;
				MTL_ENABLE_DEBUG_INFO = NO;
				SDKROOT = iphoneos;
				VALIDATE_PRODUCT = YES;
			};
			name = Release;
		};
		910CD6901AFE919300E945B1 /* Debug */ = {
			isa = XCBuildConfiguration;
			buildSettings = {
				ASSETCATALOG_COMPILER_APPICON_NAME = AppIcon;
				INFOPLIST_FILE = PetTracker/Info.plist;
				LD_RUNPATH_SEARCH_PATHS = "$(inherited) @executable_path/Frameworks";
				PRODUCT_NAME = "$(TARGET_NAME)";
			};
			name = Debug;
		};
		910CD6911AFE919300E945B1 /* Release */ = {
			isa = XCBuildConfiguration;
			buildSettings = {
				ASSETCATALOG_COMPILER_APPICON_NAME = AppIcon;
				INFOPLIST_FILE = PetTracker/Info.plist;
				LD_RUNPATH_SEARCH_PATHS = "$(inherited) @executable_path/Frameworks";
				PRODUCT_NAME = "$(TARGET_NAME)";
			};
			name = Release;
		};
		910CD6931AFE919300E945B1 /* Debug */ = {
			isa = XCBuildConfiguration;
			buildSettings = {
				BUNDLE_LOADER = "$(TEST_HOST)";
				FRAMEWORK_SEARCH_PATHS = (
					"$(SDKROOT)/Developer/Library/Frameworks",
					"$(inherited)",
				);
				GCC_PREPROCESSOR_DEFINITIONS = (
					"DEBUG=1",
					"$(inherited)",
				);
				INFOPLIST_FILE = PetTrackerTests/Info.plist;
				LD_RUNPATH_SEARCH_PATHS = "$(inherited) @executable_path/Frameworks @loader_path/Frameworks";
				PRODUCT_NAME = "$(TARGET_NAME)";
				TEST_HOST = "$(BUILT_PRODUCTS_DIR)/PetTracker.app/PetTracker";
			};
			name = Debug;
		};
		910CD6941AFE919300E945B1 /* Release */ = {
			isa = XCBuildConfiguration;
			buildSettings = {
				BUNDLE_LOADER = "$(TEST_HOST)";
				FRAMEWORK_SEARCH_PATHS = (
					"$(SDKROOT)/Developer/Library/Frameworks",
					"$(inherited)",
				);
				INFOPLIST_FILE = PetTrackerTests/Info.plist;
				LD_RUNPATH_SEARCH_PATHS = "$(inherited) @executable_path/Frameworks @loader_path/Frameworks";
				PRODUCT_NAME = "$(TARGET_NAME)";
				TEST_HOST = "$(BUILT_PRODUCTS_DIR)/PetTracker.app/PetTracker";
			};
			name = Release;
		};
/* End XCBuildConfiguration section */

/* Begin XCConfigurationList section */
		910CD6671AFE919200E945B1 /* Build configuration list for PBXProject "PetTracker" */ = {
			isa = XCConfigurationList;
			buildConfigurations = (
				910CD68D1AFE919300E945B1 /* Debug */,
				910CD68E1AFE919300E945B1 /* Release */,
			);
			defaultConfigurationIsVisible = 0;
			defaultConfigurationName = Release;
		};
		910CD68F1AFE919300E945B1 /* Build configuration list for PBXNativeTarget "PetTracker" */ = {
			isa = XCConfigurationList;
			buildConfigurations = (
				910CD6901AFE919300E945B1 /* Debug */,
				910CD6911AFE919300E945B1 /* Release */,
			);
			defaultConfigurationIsVisible = 0;
			defaultConfigurationName = Release;
		};
		910CD6921AFE919300E945B1 /* Build configuration list for PBXNativeTarget "PetTrackerTests" */ = {
			isa = XCConfigurationList;
			buildConfigurations = (
				910CD6931AFE919300E945B1 /* Debug */,
				910CD6941AFE919300E945B1 /* Release */,
			);
			defaultConfigurationIsVisible = 0;
			defaultConfigurationName = Release;
		};
/* End XCConfigurationList section */
	};
	rootObject = 910CD6641AFE919200E945B1 /* Project object */;
}
